
Microsoft Visual Studio Solution File, Format Version 12.00
# Visual Studio 15
VisualStudioVersion = 15.0.28010.2036
MinimumVisualStudioVersion = 10.0.40219.1
Project("{FAE04EC0-301F-11D3-BF4B-00C04F79EFBC}") = "CurrectTheHomework", "CurrectTheHomework\CurrectTheHomework.csproj", "{820C9406-1EDA-49A4-AA62-CCBFB502A89A}"
EndProject
Global
	GlobalSection(SolutionConfigurationPlatforms) = preSolution
		Debug|Any CPU = Debug|Any CPU
		Release|Any CPU = Release|Any CPU
	EndGlobalSection
	GlobalSection(ProjectConfigurationPlatforms) = postSolution
		{820C9406-1EDA-49A4-AA62-CCBFB502A89A}.Debug|Any CPU.ActiveCfg = Debug|Any CPU
		{820C9406-1EDA-49A4-AA62-CCBFB502A89A}.Debug|Any CPU.Build.0 = Debug|Any CPU
		{820C9406-1EDA-49A4-AA62-CCBFB502A89A}.Release|Any CPU.ActiveCfg = Release|Any CPU
		{820C9406-1EDA-49A4-AA62-CCBFB502A89A}.Release|Any CPU.Build.0 = Release|Any CPU
	EndGlobalSection
	GlobalSection(SolutionProperties) = preSolution
		HideSolutionNode = FALSE
	EndGlobalSection
	GlobalSection(ExtensibilityGlobals) = postSolution
		SolutionGuid = {A41994FE-EFDC-4B17-8C4F-B75D6E7AFDDA}
	EndGlobalSection
EndGlobal
